
Microsoft Visual Studio Solution File, Format Version 12.00
# Visual Studio Version 16
VisualStudioVersion = 16.0.29424.173
MinimumVisualStudioVersion = 10.0.40219.1
Project("{FAE04EC0-301F-11D3-BF4B-00C04F79EFBC}") = "MyTestingApp.Android", "MyTestingApp\MyTestingApp.Android\MyTestingApp.Android.csproj", "{6C8A591C-B5F5-43FC-8E05-2960110C26FD}"
EndProject
Project("{FAE04EC0-301F-11D3-BF4B-00C04F79EFBC}") = "MyTestingApp.iOS", "MyTestingApp\MyTestingApp.iOS\MyTestingApp.iOS.csproj", "{3C2C8BC8-5657-4644-BE8C-C66FCDC14C1A}"
EndProject
Project("{FAE04EC0-301F-11D3-BF4B-00C04F79EFBC}") = "MyTestingApp", "MyTestingApp\MyTestingApp\MyTestingApp.csproj", "{4B4406A7-BEAE-4AEE-8F59-5A849C996E47}"
EndProject
Global
	GlobalSection(SolutionConfigurationPlatforms) = preSolution
		Debug|Any CPU = Debug|Any CPU
		Debug|iPhone = Debug|iPhone
		Debug|iPhoneSimulator = Debug|iPhoneSimulator
		Release|Any CPU = Release|Any CPU
		Release|iPhone = Release|iPhone
		Release|iPhoneSimulator = Release|iPhoneSimulator
	EndGlobalSection
	GlobalSection(ProjectConfigurationPlatforms) = postSolution
		{6C8A591C-B5F5-43FC-8E05-2960110C26FD}.Debug|Any CPU.ActiveCfg = Debug|Any CPU
		{6C8A591C-B5F5-43FC-8E05-2960110C26FD}.Debug|Any CPU.Build.0 = Debug|Any CPU
		{6C8A591C-B5F5-43FC-8E05-2960110C26FD}.Debug|Any CPU.Deploy.0 = Debug|Any CPU
		{6C8A591C-B5F5-43FC-8E05-2960110C26FD}.Debug|iPhone.ActiveCfg = Debug|Any CPU
		{6C8A591C-B5F5-43FC-8E05-2960110C26FD}.Debug|iPhone.Build.0 = Debug|Any CPU
		{6C8A591C-B5F5-43FC-8E05-2960110C26FD}.Debug|iPhone.Deploy.0 = Debug|Any CPU
		{6C8A591C-B5F5-43FC-8E05-2960110C26FD}.Debug|iPhoneSimulator.ActiveCfg = Debug|Any CPU
		{6C8A591C-B5F5-43FC-8E05-2960110C26FD}.Debug|iPhoneSimulator.Build.0 = Debug|Any CPU
		{6C8A591C-B5F5-43FC-8E05-2960110C26FD}.Debug|iPhoneSimulator.Deploy.0 = Debug|Any CPU
		{6C8A591C-B5F5-43FC-8E05-2960110C26FD}.Release|Any CPU.ActiveCfg = Release|Any CPU
		{6C8A591C-B5F5-43FC-8E05-2960110C26FD}.Release|Any CPU.Build.0 = Release|Any CPU
		{6C8A591C-B5F5-43FC-8E05-2960110C26FD}.Release|Any CPU.Deploy.0 = Release|Any CPU
		{6C8A591C-B5F5-43FC-8E05-2960110C26FD}.Release|iPhone.ActiveCfg = Release|Any CPU
		{6C8A591C-B5F5-43FC-8E05-2960110C26FD}.Release|iPhone.Build.0 = Release|Any CPU
		{6C8A591C-B5F5-43FC-8E05-2960110C26FD}.Release|iPhone.Deploy.0 = Release|Any CPU
		{6C8A591C-B5F5-43FC-8E05-2960110C26FD}.Release|iPhoneSimulator.ActiveCfg = Release|Any CPU
		{6C8A591C-B5F5-43FC-8E05-2960110C26FD}.Release|iPhoneSimulator.Build.0 = Release|Any CPU
		{6C8A591C-B5F5-43FC-8E05-2960110C26FD}.Release|iPhoneSimulator.Deploy.0 = Release|Any CPU
		{3C2C8BC8-5657-4644-BE8C-C66FCDC14C1A}.Debug|Any CPU.ActiveCfg = Debug|iPhone
		{3C2C8BC8-5657-4644-BE8C-C66FCDC14C1A}.Debug|iPhone.ActiveCfg = Debug|iPhone
		{3C2C8BC8-5657-4644-BE8C-C66FCDC14C1A}.Debug|iPhone.Build.0 = Debug|iPhone
		{3C2C8BC8-5657-4644-BE8C-C66FCDC14C1A}.Debug|iPhoneSimulator.ActiveCfg = Debug|iPhoneSimulator
		{3C2C8BC8-5657-4644-BE8C-C66FCDC14C1A}.Debug|iPhoneSimulator.Build.0 = Debug|iPhoneSimulator
		{3C2C8BC8-5657-4644-BE8C-C66FCDC14C1A}.Release|Any CPU.ActiveCfg = Release|iPhone
		{3C2C8BC8-5657-4644-BE8C-C66FCDC14C1A}.Release|iPhone.ActiveCfg = Release|iPhone
		{3C2C8BC8-5657-4644-BE8C-C66FCDC14C1A}.Release|iPhone.Build.0 = Release|iPhone
		{3C2C8BC8-5657-4644-BE8C-C66FCDC14C1A}.Release|iPhoneSimulator.ActiveCfg = Release|iPhoneSimulator
		{3C2C8BC8-5657-4644-BE8C-C66FCDC14C1A}.Release|iPhoneSimulator.Build.0 = Release|iPhoneSimulator
		{4B4406A7-BEAE-4AEE-8F59-5A849C996E47}.Debug|Any CPU.ActiveCfg = Debug|Any CPU
		{4B4406A7-BEAE-4AEE-8F59-5A849C996E47}.Debug|Any CPU.Build.0 = Debug|Any CPU
		{4B4406A7-BEAE-4AEE-8F59-5A849C996E47}.Debug|iPhone.ActiveCfg = Debug|Any CPU
		{4B4406A7-BEAE-4AEE-8F59-5A849C996E47}.Debug|iPhone.Build.0 = Debug|Any CPU
		{4B4406A7-BEAE-4AEE-8F59-5A849C996E47}.Debug|iPhoneSimulator.ActiveCfg = Debug|Any CPU
		{4B4406A7-BEAE-4AEE-8F59-5A849C996E47}.Debug|iPhoneSimulator.Build.0 = Debug|Any CPU
		{4B4406A7-BEAE-4AEE-8F59-5A849C996E47}.Release|Any CPU.ActiveCfg = Release|Any CPU
		{4B4406A7-BEAE-4AEE-8F59-5A849C996E47}.Release|Any CPU.Build.0 = Release|Any CPU
		{4B4406A7-BEAE-4AEE-8F59-5A849C996E47}.Release|iPhone.ActiveCfg = Release|Any CPU
		{4B4406A7-BEAE-4AEE-8F59-5A849C996E47}.Release|iPhone.Build.0 = Release|Any CPU
		{4B4406A7-BEAE-4AEE-8F59-5A849C996E47}.Release|iPhoneSimulator.ActiveCfg = Release|Any CPU
		{4B4406A7-BEAE-4AEE-8F59-5A849C996E47}.Release|iPhoneSimulator.Build.0 = Release|Any CPU
	EndGlobalSection
	GlobalSection(SolutionProperties) = preSolution
		HideSolutionNode = FALSE
	EndGlobalSection
	GlobalSection(ExtensibilityGlobals) = postSolution
		SolutionGuid = {F5DD2794-3A17-45DE-A9B1-3F1A7D00B72A}
	EndGlobalSection
EndGlobal
